
Microsoft Visual Studio Solution File, Format Version 12.00
# Visual Studio 15
VisualStudioVersion = 15.0.27130.2010
MinimumVisualStudioVersion = 10.0.40219.1
Project("{9A19103F-16F7-4668-BE54-9A1E7A4F7556}") = "ScraperFramework", "LocalizedScraper\ScraperFramework.csproj", "{A841E1FD-D468-49BF-84C9-C185C278C561}"
EndProject
Project("{9A19103F-16F7-4668-BE54-9A1E7A4F7556}") = "Driver", "Driver\Driver.csproj", "{0B4D3909-E47C-426D-8C3A-A1541C5BA080}"
EndProject
Project("{FAE04EC0-301F-11D3-BF4B-00C04F79EFBC}") = "WebScraper", "Scraper\WebScraper.csproj", "{438C12D7-A57A-420C-980D-E8107EF89CEF}"
EndProject
Global
	GlobalSection(SolutionConfigurationPlatforms) = preSolution
		Debug|Any CPU = Debug|Any CPU
		Release|Any CPU = Release|Any CPU
	EndGlobalSection
	GlobalSection(ProjectConfigurationPlatforms) = postSolution
		{A841E1FD-D468-49BF-84C9-C185C278C561}.Debug|Any CPU.ActiveCfg = Debug|Any CPU
		{A841E1FD-D468-49BF-84C9-C185C278C561}.Debug|Any CPU.Build.0 = Debug|Any CPU
		{A841E1FD-D468-49BF-84C9-C185C278C561}.Release|Any CPU.ActiveCfg = Release|Any CPU
		{A841E1FD-D468-49BF-84C9-C185C278C561}.Release|Any CPU.Build.0 = Release|Any CPU
		{0B4D3909-E47C-426D-8C3A-A1541C5BA080}.Debug|Any CPU.ActiveCfg = Debug|Any CPU
		{0B4D3909-E47C-426D-8C3A-A1541C5BA080}.Debug|Any CPU.Build.0 = Debug|Any CPU
		{0B4D3909-E47C-426D-8C3A-A1541C5BA080}.Release|Any CPU.ActiveCfg = Release|Any CPU
		{0B4D3909-E47C-426D-8C3A-A1541C5BA080}.Release|Any CPU.Build.0 = Release|Any CPU
		{438C12D7-A57A-420C-980D-E8107EF89CEF}.Debug|Any CPU.ActiveCfg = Debug|Any CPU
		{438C12D7-A57A-420C-980D-E8107EF89CEF}.Debug|Any CPU.Build.0 = Debug|Any CPU
		{438C12D7-A57A-420C-980D-E8107EF89CEF}.Release|Any CPU.ActiveCfg = Release|Any CPU
		{438C12D7-A57A-420C-980D-E8107EF89CEF}.Release|Any CPU.Build.0 = Release|Any CPU
	EndGlobalSection
	GlobalSection(SolutionProperties) = preSolution
		HideSolutionNode = FALSE
	EndGlobalSection
	GlobalSection(ExtensibilityGlobals) = postSolution
		SolutionGuid = {C55CA2DA-2073-453C-A15F-B9B1433E63EE}
	EndGlobalSection
EndGlobal
